
Microsoft Visual Studio Solution File, Format Version 12.00
# Visual Studio Version 17
VisualStudioVersion = 17.0.31903.59
MinimumVisualStudioVersion = 10.0.40219.1
Project("{2150E333-8FDC-42A3-9474-1A3956D46DE8}") = "Benchmarks", "Benchmarks", "{6BE7EC70-008F-4E44-8520-9C55A8536321}"
EndProject
Project("{9A19103F-16F7-4668-BE54-9A1E7A4F7556}") = "Acornima.Benchmarks", "benchmarks\Acornima.Benchmarks\Acornima.Benchmarks.csproj", "{A3A0B6A1-AA69-4811-BD6D-AF786CA9D619}"
EndProject
Project("{2150E333-8FDC-42A3-9474-1A3956D46DE8}") = "Build", "Build", "{B829D50D-2973-4B4F-B6C5-7B088CFC9DEB}"
EndProject
Project("{9A19103F-16F7-4668-BE54-9A1E7A4F7556}") = "_build", "build\_build.csproj", "{C924464D-28FC-427E-A65A-A75ADCDADA00}"
EndProject
Project("{2150E333-8FDC-42A3-9474-1A3956D46DE8}") = "Samples", "Samples", "{AEDE20AF-C8E3-4A40-ABCD-333C49230B05}"
EndProject
Project("{9A19103F-16F7-4668-BE54-9A1E7A4F7556}") = "Acornima.Cli", "samples\Acornima.Cli\Acornima.Cli.csproj", "{F41FD930-C3E8-42C0-AFE8-670C2E47E3D3}"
EndProject
Project("{9A19103F-16F7-4668-BE54-9A1E7A4F7556}") = "JsxTranspiler", "samples\JsxTranspiler\JsxTranspiler.csproj", "{8AAC2DA8-1478-40DC-8C48-FB15F1BD7F40}"
EndProject
Project("{2150E333-8FDC-42A3-9474-1A3956D46DE8}") = "Solution Items", "Solution Items", "{71570FFF-0BEA-4AF7-8288-9E46627EA676}"
	ProjectSection(SolutionItems) = preProject
		.editorconfig = .editorconfig
		.gitignore = .gitignore
		Directory.Build.props = Directory.Build.props
		Directory.Packages.props = Directory.Packages.props
	EndProjectSection
EndProject
Project("{2150E333-8FDC-42A3-9474-1A3956D46DE8}") = "src", "src", "{C428FBAE-48E0-4C47-B9D2-688866714516}"
	ProjectSection(SolutionItems) = preProject
		src\Directory.Build.props = src\Directory.Build.props
	EndProjectSection
EndProject
Project("{9A19103F-16F7-4668-BE54-9A1E7A4F7556}") = "Acornima", "src\Acornima\Acornima.csproj", "{384C7882-6721-4885-9DFC-461BD6AE2ABA}"
EndProject
Project("{9A19103F-16F7-4668-BE54-9A1E7A4F7556}") = "Acornima.Extras", "src\Acornima.Extras\Acornima.Extras.csproj", "{F2B479F2-5104-4ACB-BC8A-92422C9F3736}"
EndProject
Project("{9A19103F-16F7-4668-BE54-9A1E7A4F7556}") = "Acornima.SourceGenerators", "src\Acornima.SourceGenerators\Acornima.SourceGenerators.csproj", "{E88ED3EB-27F2-4BAF-805F-EE25F810F4EA}"
EndProject
Project("{9A19103F-16F7-4668-BE54-9A1E7A4F7556}") = "Acornima.Tests", "test\Acornima.Tests\Acornima.Tests.csproj", "{460A0A53-B9F6-47DB-83D7-763A39562A55}"
EndProject
Project("{9A19103F-16F7-4668-BE54-9A1E7A4F7556}") = "Acornima.Tests.SourceGenerators", "test\Acornima.Tests.SourceGenerators\Acornima.Tests.SourceGenerators.csproj", "{DEC405F4-0329-4975-8E36-F7FDC4863CE6}"
EndProject
Project("{9A19103F-16F7-4668-BE54-9A1E7A4F7556}") = "Acornima.Tests.Test262", "test\Acornima.Tests.Test262\Acornima.Tests.Test262.csproj", "{A7CA9D3E-5247-4212-9E08-BDECBC63B8E1}"
EndProject
Project("{FAE04EC0-301F-11D3-BF4B-00C04F79EFBC}") = "TypeScriptSample", "samples\TypeScriptSample\TypeScriptSample.csproj", "{D6184413-E2E1-40DD-A82A-E64495E06BD7}"
EndProject
Global
	GlobalSection(SolutionConfigurationPlatforms) = preSolution
		Debug|Any CPU = Debug|Any CPU
		Release|Any CPU = Release|Any CPU
	EndGlobalSection
	GlobalSection(ProjectConfigurationPlatforms) = postSolution
		{C924464D-28FC-427E-A65A-A75ADCDADA00}.Debug|Any CPU.ActiveCfg = Debug|Any CPU
		{C924464D-28FC-427E-A65A-A75ADCDADA00}.Release|Any CPU.ActiveCfg = Release|Any CPU
		{384C7882-6721-4885-9DFC-461BD6AE2ABA}.Debug|Any CPU.ActiveCfg = Debug|Any CPU
		{384C7882-6721-4885-9DFC-461BD6AE2ABA}.Debug|Any CPU.Build.0 = Debug|Any CPU
		{384C7882-6721-4885-9DFC-461BD6AE2ABA}.Release|Any CPU.ActiveCfg = Release|Any CPU
		{384C7882-6721-4885-9DFC-461BD6AE2ABA}.Release|Any CPU.Build.0 = Release|Any CPU
		{A3A0B6A1-AA69-4811-BD6D-AF786CA9D619}.Debug|Any CPU.ActiveCfg = Debug|Any CPU
		{A3A0B6A1-AA69-4811-BD6D-AF786CA9D619}.Debug|Any CPU.Build.0 = Debug|Any CPU
		{A3A0B6A1-AA69-4811-BD6D-AF786CA9D619}.Release|Any CPU.ActiveCfg = Release|Any CPU
		{A3A0B6A1-AA69-4811-BD6D-AF786CA9D619}.Release|Any CPU.Build.0 = Release|Any CPU
		{F41FD930-C3E8-42C0-AFE8-670C2E47E3D3}.Debug|Any CPU.ActiveCfg = Debug|Any CPU
		{F41FD930-C3E8-42C0-AFE8-670C2E47E3D3}.Debug|Any CPU.Build.0 = Debug|Any CPU
		{F41FD930-C3E8-42C0-AFE8-670C2E47E3D3}.Release|Any CPU.ActiveCfg = Release|Any CPU
		{F41FD930-C3E8-42C0-AFE8-670C2E47E3D3}.Release|Any CPU.Build.0 = Release|Any CPU
		{F2B479F2-5104-4ACB-BC8A-92422C9F3736}.Debug|Any CPU.ActiveCfg = Debug|Any CPU
		{F2B479F2-5104-4ACB-BC8A-92422C9F3736}.Debug|Any CPU.Build.0 = Debug|Any CPU
		{F2B479F2-5104-4ACB-BC8A-92422C9F3736}.Release|Any CPU.ActiveCfg = Release|Any CPU
		{F2B479F2-5104-4ACB-BC8A-92422C9F3736}.Release|Any CPU.Build.0 = Release|Any CPU
		{E88ED3EB-27F2-4BAF-805F-EE25F810F4EA}.Debug|Any CPU.ActiveCfg = Debug|Any CPU
		{E88ED3EB-27F2-4BAF-805F-EE25F810F4EA}.Debug|Any CPU.Build.0 = Debug|Any CPU
		{E88ED3EB-27F2-4BAF-805F-EE25F810F4EA}.Release|Any CPU.ActiveCfg = Release|Any CPU
		{E88ED3EB-27F2-4BAF-805F-EE25F810F4EA}.Release|Any CPU.Build.0 = Release|Any CPU
		{460A0A53-B9F6-47DB-83D7-763A39562A55}.Debug|Any CPU.ActiveCfg = Debug|Any CPU
		{460A0A53-B9F6-47DB-83D7-763A39562A55}.Debug|Any CPU.Build.0 = Debug|Any CPU
		{460A0A53-B9F6-47DB-83D7-763A39562A55}.Release|Any CPU.ActiveCfg = Release|Any CPU
		{460A0A53-B9F6-47DB-83D7-763A39562A55}.Release|Any CPU.Build.0 = Release|Any CPU
		{DEC405F4-0329-4975-8E36-F7FDC4863CE6}.Debug|Any CPU.ActiveCfg = Debug|Any CPU
		{DEC405F4-0329-4975-8E36-F7FDC4863CE6}.Debug|Any CPU.Build.0 = Debug|Any CPU
		{DEC405F4-0329-4975-8E36-F7FDC4863CE6}.Release|Any CPU.ActiveCfg = Release|Any CPU
		{DEC405F4-0329-4975-8E36-F7FDC4863CE6}.Release|Any CPU.Build.0 = Release|Any CPU
		{A7CA9D3E-5247-4212-9E08-BDECBC63B8E1}.Debug|Any CPU.ActiveCfg = Debug|Any CPU
		{A7CA9D3E-5247-4212-9E08-BDECBC63B8E1}.Debug|Any CPU.Build.0 = Debug|Any CPU
		{A7CA9D3E-5247-4212-9E08-BDECBC63B8E1}.Release|Any CPU.ActiveCfg = Release|Any CPU
		{A7CA9D3E-5247-4212-9E08-BDECBC63B8E1}.Release|Any CPU.Build.0 = Release|Any CPU
		{8AAC2DA8-1478-40DC-8C48-FB15F1BD7F40}.Debug|Any CPU.ActiveCfg = Debug|Any CPU
		{8AAC2DA8-1478-40DC-8C48-FB15F1BD7F40}.Debug|Any CPU.Build.0 = Debug|Any CPU
		{8AAC2DA8-1478-40DC-8C48-FB15F1BD7F40}.Release|Any CPU.ActiveCfg = Release|Any CPU
		{8AAC2DA8-1478-40DC-8C48-FB15F1BD7F40}.Release|Any CPU.Build.0 = Release|Any CPU
		{D6184413-E2E1-40DD-A82A-E64495E06BD7}.Debug|Any CPU.ActiveCfg = Debug|Any CPU
		{D6184413-E2E1-40DD-A82A-E64495E06BD7}.Debug|Any CPU.Build.0 = Debug|Any CPU
		{D6184413-E2E1-40DD-A82A-E64495E06BD7}.Release|Any CPU.ActiveCfg = Release|Any CPU
		{D6184413-E2E1-40DD-A82A-E64495E06BD7}.Release|Any CPU.Build.0 = Release|Any CPU
	EndGlobalSection
	GlobalSection(SolutionProperties) = preSolution
		HideSolutionNode = FALSE
	EndGlobalSection
	GlobalSection(NestedProjects) = preSolution
		{C924464D-28FC-427E-A65A-A75ADCDADA00} = {B829D50D-2973-4B4F-B6C5-7B088CFC9DEB}
		{A3A0B6A1-AA69-4811-BD6D-AF786CA9D619} = {6BE7EC70-008F-4E44-8520-9C55A8536321}
		{F41FD930-C3E8-42C0-AFE8-670C2E47E3D3} = {AEDE20AF-C8E3-4A40-ABCD-333C49230B05}
		{C428FBAE-48E0-4C47-B9D2-688866714516} = {71570FFF-0BEA-4AF7-8288-9E46627EA676}
		{8AAC2DA8-1478-40DC-8C48-FB15F1BD7F40} = {AEDE20AF-C8E3-4A40-ABCD-333C49230B05}
		{D6184413-E2E1-40DD-A82A-E64495E06BD7} = {AEDE20AF-C8E3-4A40-ABCD-333C49230B05}
	EndGlobalSection
	GlobalSection(ExtensibilityGlobals) = postSolution
		SolutionGuid = {E0941456-4B6F-44D0-9A68-07E7D70D890F}
	EndGlobalSection
EndGlobal
